// !$*UTF8*$!
{
	archiveVersion = 1;
	classes = {
	};
	objectVersion = 56;
	objects = {

/* Begin PBXBuildFile section */
		79FD8B5F29CCF90E0010438B /* AppDelegate.swift in Sources */ = {isa = PBXBuildFile; fileRef = 79FD8B5E29CCF90E0010438B /* AppDelegate.swift */; };
		79FD8B6129CCF90E0010438B /* SceneDelegate.swift in Sources */ = {isa = PBXBuildFile; fileRef = 79FD8B6029CCF90E0010438B /* SceneDelegate.swift */; };
		79FD8B6329CCF90E0010438B /* ViewController.swift in Sources */ = {isa = PBXBuildFile; fileRef = 79FD8B6229CCF90E0010438B /* ViewController.swift */; };
		79FD8B6629CCF90E0010438B /* Main.storyboard in Resources */ = {isa = PBXBuildFile; fileRef = 79FD8B6429CCF90E0010438B /* Main.storyboard */; };
		79FD8B6829CCF9110010438B /* Assets.xcassets in Resources */ = {isa = PBXBuildFile; fileRef = 79FD8B6729CCF9110010438B /* Assets.xcassets */; };
		79FD8B6B29CCF9110010438B /* LaunchScreen.storyboard in Resources */ = {isa = PBXBuildFile; fileRef = 79FD8B6929CCF9110010438B /* LaunchScreen.storyboard */; };
		79FD8B7329DF7F8D0010438B /* HomeViewController.swift in Sources */ = {isa = PBXBuildFile; fileRef = 79FD8B7229DF7F8D0010438B /* HomeViewController.swift */; };
		79FD8B7529DF7FAA0010438B /* TipViewController.swift in Sources */ = {isa = PBXBuildFile; fileRef = 79FD8B7429DF7FAA0010438B /* TipViewController.swift */; };
		79FD8B7729E0BB000010438B /* GameViewController.swift in Sources */ = {isa = PBXBuildFile; fileRef = 79FD8B7629E0BAFF0010438B /* GameViewController.swift */; };
		79FD8B7929E0BBCE0010438B /* FlipViewController.swift in Sources */ = {isa = PBXBuildFile; fileRef = 79FD8B7829E0BBCE0010438B /* FlipViewController.swift */; };
		79FD8B7B29E0BC6D0010438B /* InterestViewController.swift in Sources */ = {isa = PBXBuildFile; fileRef = 79FD8B7A29E0BC6D0010438B /* InterestViewController.swift */; };
		79FD8B7D29E0BCF70010438B /* VaultViewController.swift in Sources */ = {isa = PBXBuildFile; fileRef = 79FD8B7C29E0BCF70010438B /* VaultViewController.swift */; };
		79FD8B7F29E263A90010438B /* FlipContentView.swift in Sources */ = {isa = PBXBuildFile; fileRef = 79FD8B7E29E263A90010438B /* FlipContentView.swift */; };
/* End PBXBuildFile section */

/* Begin PBXFileReference section */
		79FD8B5B29CCF90E0010438B /* SunCoin.app */ = {isa = PBXFileReference; explicitFileType = wrapper.application; includeInIndex = 0; path = SunCoin.app; sourceTree = BUILT_PRODUCTS_DIR; };
		79FD8B5E29CCF90E0010438B /* AppDelegate.swift */ = {isa = PBXFileReference; lastKnownFileType = sourcecode.swift; path = AppDelegate.swift; sourceTree = "<group>"; };
		79FD8B6029CCF90E0010438B /* SceneDelegate.swift */ = {isa = PBXFileReference; lastKnownFileType = sourcecode.swift; path = SceneDelegate.swift; sourceTree = "<group>"; };
		79FD8B6229CCF90E0010438B /* ViewController.swift */ = {isa = PBXFileReference; lastKnownFileType = sourcecode.swift; path = ViewController.swift; sourceTree = "<group>"; };
		79FD8B6529CCF90E0010438B /* Base */ = {isa = PBXFileReference; lastKnownFileType = file.storyboard; name = Base; path = Base.lproj/Main.storyboard; sourceTree = "<group>"; };
		79FD8B6729CCF9110010438B /* Assets.xcassets */ = {isa = PBXFileReference; lastKnownFileType = folder.assetcatalog; path = Assets.xcassets; sourceTree = "<group>"; };
		79FD8B6A29CCF9110010438B /* Base */ = {isa = PBXFileReference; lastKnownFileType = file.storyboard; name = Base; path = Base.lproj/LaunchScreen.storyboard; sourceTree = "<group>"; };
		79FD8B6C29CCF9110010438B /* Info.plist */ = {isa = PBXFileReference; lastKnownFileType = text.plist.xml; path = Info.plist; sourceTree = "<group>"; };
		79FD8B7229DF7F8D0010438B /* HomeViewController.swift */ = {isa = PBXFileReference; lastKnownFileType = sourcecode.swift; path = HomeViewController.swift; sourceTree = "<group>"; };
		79FD8B7429DF7FAA0010438B /* TipViewController.swift */ = {isa = PBXFileReference; lastKnownFileType = sourcecode.swift; path = TipViewController.swift; sourceTree = "<group>"; };
		79FD8B7629E0BAFF0010438B /* GameViewController.swift */ = {isa = PBXFileReference; lastKnownFileType = sourcecode.swift; path = GameViewController.swift; sourceTree = "<group>"; };
		79FD8B7829E0BBCE0010438B /* FlipViewController.swift */ = {isa = PBXFileReference; lastKnownFileType = sourcecode.swift; path = FlipViewController.swift; sourceTree = "<group>"; };
		79FD8B7A29E0BC6D0010438B /* InterestViewController.swift */ = {isa = PBXFileReference; lastKnownFileType = sourcecode.swift; path = InterestViewController.swift; sourceTree = "<group>"; };
		79FD8B7C29E0BCF70010438B /* VaultViewController.swift */ = {isa = PBXFileReference; lastKnownFileType = sourcecode.swift; path = VaultViewController.swift; sourceTree = "<group>"; };
		79FD8B7E29E263A90010438B /* FlipContentView.swift */ = {isa = PBXFileReference; lastKnownFileType = sourcecode.swift; path = FlipContentView.swift; sourceTree = "<group>"; };
/* End PBXFileReference section */

/* Begin PBXFrameworksBuildPhase section */
		79FD8B5829CCF90E0010438B /* Frameworks */ = {
			isa = PBXFrameworksBuildPhase;
			buildActionMask = 2147483647;
			files = (
			);
			runOnlyForDeploymentPostprocessing = 0;
		};
/* End PBXFrameworksBuildPhase section */

/* Begin PBXGroup section */
		79FD8B5229CCF90E0010438B = {
			isa = PBXGroup;
			children = (
				79FD8B7C29E0BCF70010438B /* VaultViewController.swift */,
				79FD8B7A29E0BC6D0010438B /* InterestViewController.swift */,
				79FD8B7829E0BBCE0010438B /* FlipViewController.swift */,
				79FD8B7E29E263A90010438B /* FlipContentView.swift */,
				79FD8B7629E0BAFF0010438B /* GameViewController.swift */,
				79FD8B7429DF7FAA0010438B /* TipViewController.swift */,
				79FD8B7229DF7F8D0010438B /* HomeViewController.swift */,
				79FD8B5D29CCF90E0010438B /* SunCoin */,
				79FD8B5C29CCF90E0010438B /* Products */,
			);
			sourceTree = "<group>";
		};
		79FD8B5C29CCF90E0010438B /* Products */ = {
			isa = PBXGroup;
			children = (
				79FD8B5B29CCF90E0010438B /* SunCoin.app */,
			);
			name = Products;
			sourceTree = "<group>";
		};
		79FD8B5D29CCF90E0010438B /* SunCoin */ = {
			isa = PBXGroup;
			children = (
				79FD8B5E29CCF90E0010438B /* AppDelegate.swift */,
				79FD8B6029CCF90E0010438B /* SceneDelegate.swift */,
				79FD8B6229CCF90E0010438B /* ViewController.swift */,
				79FD8B6429CCF90E0010438B /* Main.storyboard */,
				79FD8B6729CCF9110010438B /* Assets.xcassets */,
				79FD8B6929CCF9110010438B /* LaunchScreen.storyboard */,
				79FD8B6C29CCF9110010438B /* Info.plist */,
			);
			path = SunCoin;
			sourceTree = "<group>";
		};
/* End PBXGroup section */

/* Begin PBXNativeTarget section */
		79FD8B5A29CCF90E0010438B /* SunCoin */ = {
			isa = PBXNativeTarget;
			buildConfigurationList = 79FD8B6F29CCF9110010438B /* Build configuration list for PBXNativeTarget "SunCoin" */;
			buildPhases = (
				79FD8B5729CCF90E0010438B /* Sources */,
				79FD8B5829CCF90E0010438B /* Frameworks */,
				79FD8B5929CCF90E0010438B /* Resources */,
			);
			buildRules = (
			);
			dependencies = (
			);
			name = SunCoin;
			productName = SunCoin;
			productReference = 79FD8B5B29CCF90E0010438B /* SunCoin.app */;
			productType = "com.apple.product-type.application";
		};
/* End PBXNativeTarget section */

/* Begin PBXProject section */
		79FD8B5329CCF90E0010438B /* Project object */ = {
			isa = PBXProject;
			attributes = {
				BuildIndependentTargetsInParallel = 1;
				LastSwiftUpdateCheck = 1420;
				LastUpgradeCheck = 1420;
				TargetAttributes = {
					79FD8B5A29CCF90E0010438B = {
						CreatedOnToolsVersion = 14.2;
					};
				};
			};
			buildConfigurationList = 79FD8B5629CCF90E0010438B /* Build configuration list for PBXProject "SunCoin" */;
			compatibilityVersion = "Xcode 14.0";
			developmentRegion = en;
			hasScannedForEncodings = 0;
			knownRegions = (
				en,
				Base,
			);
			mainGroup = 79FD8B5229CCF90E0010438B;
			productRefGroup = 79FD8B5C29CCF90E0010438B /* Products */;
			projectDirPath = "";
			projectRoot = "";
			targets = (
				79FD8B5A29CCF90E0010438B /* SunCoin */,
			);
		};
/* End PBXProject section */

/* Begin PBXResourcesBuildPhase section */
		79FD8B5929CCF90E0010438B /* Resources */ = {
			isa = PBXResourcesBuildPhase;
			buildActionMask = 2147483647;
			files = (
				79FD8B6B29CCF9110010438B /* LaunchScreen.storyboard in Resources */,
				79FD8B6829CCF9110010438B /* Assets.xcassets in Resources */,
				79FD8B6629CCF90E0010438B /* Main.storyboard in Resources */,
			);
			runOnlyForDeploymentPostprocessing = 0;
		};
/* End PBXResourcesBuildPhase section */

/* Begin PBXSourcesBuildPhase section */
		79FD8B5729CCF90E0010438B /* Sources */ = {
			isa = PBXSourcesBuildPhase;
			buildActionMask = 2147483647;
			files = (
				79FD8B6329CCF90E0010438B /* ViewController.swift in Sources */,
				79FD8B7F29E263A90010438B /* FlipContentView.swift in Sources */,
				79FD8B7929E0BBCE0010438B /* FlipViewController.swift in Sources */,
				79FD8B5F29CCF90E0010438B /* AppDelegate.swift in Sources */,
				79FD8B7D29E0BCF70010438B /* VaultViewController.swift in Sources */,
				79FD8B6129CCF90E0010438B /* SceneDelegate.swift in Sources */,
				79FD8B7B29E0BC6D0010438B /* InterestViewController.swift in Sources */,
				79FD8B7529DF7FAA0010438B /* TipViewController.swift in Sources */,
				79FD8B7729E0BB000010438B /* GameViewController.swift in Sources */,
				79FD8B7329DF7F8D0010438B /* HomeViewController.swift in Sources */,
			);
			runOnlyForDeploymentPostprocessing = 0;
		};
/* End PBXSourcesBuildPhase section */

/* Begin PBXVariantGroup section */
		79FD8B6429CCF90E0010438B /* Main.storyboard */ = {
			isa = PBXVariantGroup;
			children = (
				79FD8B6529CCF90E0010438B /* Base */,
			);
			name = Main.storyboard;
			sourceTree = "<group>";
		};
		79FD8B6929CCF9110010438B /* LaunchScreen.storyboard */ = {
			isa = PBXVariantGroup;
			children = (
				79FD8B6A29CCF9110010438B /* Base */,
			);
			name = LaunchScreen.storyboard;
			sourceTree = "<group>";
		};
/* End PBXVariantGroup section */

/* Begin XCBuildConfiguration section */
		79FD8B6D29CCF9110010438B /* Debug */ = {
			isa = XCBuildConfiguration;
			buildSettings = {
				ALWAYS_SEARCH_USER_PATHS = NO;
				CLANG_ANALYZER_NONNULL = YES;
				CLANG_ANALYZER_NUMBER_OBJECT_CONVERSION = YES_AGGRESSIVE;
				CLANG_CXX_LANGUAGE_STANDARD = "gnu++20";
				CLANG_ENABLE_MODULES = YES;
				CLANG_ENABLE_OBJC_ARC = YES;
				CLANG_ENABLE_OBJC_WEAK = YES;
				CLANG_WARN_BLOCK_CAPTURE_AUTORELEASING = YES;
				CLANG_WARN_BOOL_CONVERSION = YES;
				CLANG_WARN_COMMA = YES;
				CLANG_WARN_CONSTANT_CONVERSION = YES;
				CLANG_WARN_DEPRECATED_OBJC_IMPLEMENTATIONS = YES;
				CLANG_WARN_DIRECT_OBJC_ISA_USAGE = YES_ERROR;
				CLANG_WARN_DOCUMENTATION_COMMENTS = YES;
				CLANG_WARN_EMPTY_BODY = YES;
				CLANG_WARN_ENUM_CONVERSION = YES;
				CLANG_WARN_INFINITE_RECURSION = YES;
				CLANG_WARN_INT_CONVERSION = YES;
				CLANG_WARN_NON_LITERAL_NULL_CONVERSION = YES;
				CLANG_WARN_OBJC_IMPLICIT_RETAIN_SELF = YES;
				CLANG_WARN_OBJC_LITERAL_CONVERSION = YES;
				CLANG_WARN_OBJC_ROOT_CLASS = YES_ERROR;
				CLANG_WARN_QUOTED_INCLUDE_IN_FRAMEWORK_HEADER = YES;
				CLANG_WARN_RANGE_LOOP_ANALYSIS = YES;
				CLANG_WARN_STRICT_PROTOTYPES = YES;
				CLANG_WARN_SUSPICIOUS_MOVE = YES;
				CLANG_WARN_UNGUARDED_AVAILABILITY = YES_AGGRESSIVE;
				CLANG_WARN_UNREACHABLE_CODE = YES;
				CLANG_WARN__DUPLICATE_METHOD_MATCH = YES;
				COPY_PHASE_STRIP = NO;
				DEBUG_INFORMATION_FORMAT = dwarf;
				ENABLE_STRICT_OBJC_MSGSEND = YES;
				ENABLE_TESTABILITY = YES;
				GCC_C_LANGUAGE_STANDARD = gnu11;
				GCC_DYNAMIC_NO_PIC = NO;
				GCC_NO_COMMON_BLOCKS = YES;
				GCC_OPTIMIZATION_LEVEL = 0;
				GCC_PREPROCESSOR_DEFINITIONS = (
					"DEBUG=1",
					"$(inherited)",
				);
				GCC_WARN_64_TO_32_BIT_CONVERSION = YES;
				GCC_WARN_ABOUT_RETURN_TYPE = YES_ERROR;
				GCC_WARN_UNDECLARED_SELECTOR = YES;
				GCC_WARN_UNINITIALIZED_AUTOS = YES_AGGRESSIVE;
				GCC_WARN_UNUSED_FUNCTION = YES;
				GCC_WARN_UNUSED_VARIABLE = YES;
				IPHONEOS_DEPLOYMENT_TARGET = 16.2;
				MTL_ENABLE_DEBUG_INFO = INCLUDE_SOURCE;
				MTL_FAST_MATH = YES;
				ONLY_ACTIVE_ARCH = YES;
				SDKROOT = iphoneos;
				SWIFT_ACTIVE_COMPILATION_CONDITIONS = DEBUG;
				SWIFT_OPTIMIZATION_LEVEL = "-Onone";
			};
			name = Debug;
		};
		79FD8B6E29CCF9110010438B /* Release */ = {
			isa = XCBuildConfiguration;
			buildSettings = {
				ALWAYS_SEARCH_USER_PATHS = NO;
				CLANG_ANALYZER_NONNULL = YES;
				CLANG_ANALYZER_NUMBER_OBJECT_CONVERSION = YES_AGGRESSIVE;
				CLANG_CXX_LANGUAGE_STANDARD = "gnu++20";
				CLANG_ENABLE_MODULES = YES;
				CLANG_ENABLE_OBJC_ARC = YES;
				CLANG_ENABLE_OBJC_WEAK = YES;
				CLANG_WARN_BLOCK_CAPTURE_AUTORELEASING = YES;
				CLANG_WARN_BOOL_CONVERSION = YES;
				CLANG_WARN_COMMA = YES;
				CLANG_WARN_CONSTANT_CONVERSION = YES;
				CLANG_WARN_DEPRECATED_OBJC_IMPLEMENTATIONS = YES;
				CLANG_WARN_DIRECT_OBJC_ISA_USAGE = YES_ERROR;
				CLANG_WARN_DOCUMENTATION_COMMENTS = YES;
				CLANG_WARN_EMPTY_BODY = YES;
				CLANG_WARN_ENUM_CONVERSION = YES;
				CLANG_WARN_INFINITE_RECURSION = YES;
				CLANG_WARN_INT_CONVERSION = YES;
				CLANG_WARN_NON_LITERAL_NULL_CONVERSION = YES;
				CLANG_WARN_OBJC_IMPLICIT_RETAIN_SELF = YES;
				CLANG_WARN_OBJC_LITERAL_CONVERSION = YES;
				CLANG_WARN_OBJC_ROOT_CLASS = YES_ERROR;
				CLANG_WARN_QUOTED_INCLUDE_IN_FRAMEWORK_HEADER = YES;
				CLANG_WARN_RANGE_LOOP_ANALYSIS = YES;
				CLANG_WARN_STRICT_PROTOTYPES = YES;
				CLANG_WARN_SUSPICIOUS_MOVE = YES;
				CLANG_WARN_UNGUARDED_AVAILABILITY = YES_AGGRESSIVE;
				CLANG_WARN_UNREACHABLE_CODE = YES;
				CLANG_WARN__DUPLICATE_METHOD_MATCH = YES;
				COPY_PHASE_STRIP = NO;
				DEBUG_INFORMATION_FORMAT = "dwarf-with-dsym";
				ENABLE_NS_ASSERTIONS = NO;
				ENABLE_STRICT_OBJC_MSGSEND = YES;
				GCC_C_LANGUAGE_STANDARD = gnu11;
				GCC_NO_COMMON_BLOCKS = YES;
				GCC_WARN_64_TO_32_BIT_CONVERSION = YES;
				GCC_WARN_ABOUT_RETURN_TYPE = YES_ERROR;
				GCC_WARN_UNDECLARED_SELECTOR = YES;
				GCC_WARN_UNINITIALIZED_AUTOS = YES_AGGRESSIVE;
				GCC_WARN_UNUSED_FUNCTION = YES;
				GCC_WARN_UNUSED_VARIABLE = YES;
				IPHONEOS_DEPLOYMENT_TARGET = 16.2;
				MTL_ENABLE_DEBUG_INFO = NO;
				MTL_FAST_MATH = YES;
				SDKROOT = iphoneos;
				SWIFT_COMPILATION_MODE = wholemodule;
				SWIFT_OPTIMIZATION_LEVEL = "-O";
				VALIDATE_PRODUCT = YES;
			};
			name = Release;
		};
		79FD8B7029CCF9110010438B /* Debug */ = {
			isa = XCBuildConfiguration;
			buildSettings = {
				ASSETCATALOG_COMPILER_APPICON_NAME = AppIcon;
				ASSETCATALOG_COMPILER_GLOBAL_ACCENT_COLOR_NAME = AccentColor;
				CODE_SIGN_STYLE = Automatic;
				CURRENT_PROJECT_VERSION = 1;
				GENERATE_INFOPLIST_FILE = YES;
				INFOPLIST_FILE = SunCoin/Info.plist;
				INFOPLIST_KEY_UIApplicationSupportsIndirectInputEvents = YES;
				INFOPLIST_KEY_UILaunchStoryboardName = LaunchScreen;
				INFOPLIST_KEY_UIMainStoryboardFile = Main;
				INFOPLIST_KEY_UISupportedInterfaceOrientations_iPad = "UIInterfaceOrientationPortrait UIInterfaceOrientationPortraitUpsideDown UIInterfaceOrientationLandscapeLeft UIInterfaceOrientationLandscapeRight";
				INFOPLIST_KEY_UISupportedInterfaceOrientations_iPhone = "UIInterfaceOrientationPortrait UIInterfaceOrientationLandscapeLeft UIInterfaceOrientationLandscapeRight";
				LD_RUNPATH_SEARCH_PATHS = (
					"$(inherited)",
					"@executable_path/Frameworks",
				);
				MARKETING_VERSION = 1.0;
				PRODUCT_BUNDLE_IDENTIFIER = com.example.SunCoin;
				PRODUCT_NAME = "$(TARGET_NAME)";
				SWIFT_EMIT_LOC_STRINGS = YES;
				SWIFT_VERSION = 5.0;
				TARGETED_DEVICE_FAMILY = "1,2";
			};
			name = Debug;
		};
		79FD8B7129CCF9110010438B /* Release */ = {
			isa = XCBuildConfiguration;
			buildSettings = {
				ASSETCATALOG_COMPILER_APPICON_NAME = AppIcon;
				ASSETCATALOG_COMPILER_GLOBAL_ACCENT_COLOR_NAME = AccentColor;
				CODE_SIGN_STYLE = Automatic;
				CURRENT_PROJECT_VERSION = 1;
				GENERATE_INFOPLIST_FILE = YES;
				INFOPLIST_FILE = SunCoin/Info.plist;
				INFOPLIST_KEY_UIApplicationSupportsIndirectInputEvents = YES;
				INFOPLIST_KEY_UILaunchStoryboardName = LaunchScreen;
				INFOPLIST_KEY_UIMainStoryboardFile = Main;
				INFOPLIST_KEY_UISupportedInterfaceOrientations_iPad = "UIInterfaceOrientationPortrait UIInterfaceOrientationPortraitUpsideDown UIInterfaceOrientationLandscapeLeft UIInterfaceOrientationLandscapeRight";
				INFOPLIST_KEY_UISupportedInterfaceOrientations_iPhone = "UIInterfaceOrientationPortrait UIInterfaceOrientationLandscapeLeft UIInterfaceOrientationLandscapeRight";
				LD_RUNPATH_SEARCH_PATHS = (
					"$(inherited)",
					"@executable_path/Frameworks",
				);
				MARKETING_VERSION = 1.0;
				PRODUCT_BUNDLE_IDENTIFIER = com.example.SunCoin;
				PRODUCT_NAME = "$(TARGET_NAME)";
				SWIFT_EMIT_LOC_STRINGS = YES;
				SWIFT_VERSION = 5.0;
				TARGETED_DEVICE_FAMILY = "1,2";
			};
			name = Release;
		};
/* End XCBuildConfiguration section */

/* Begin XCConfigurationList section */
		79FD8B5629CCF90E0010438B /* Build configuration list for PBXProject "SunCoin" */ = {
			isa = XCConfigurationList;
			buildConfigurations = (
				79FD8B6D29CCF9110010438B /* Debug */,
				79FD8B6E29CCF9110010438B /* Release */,
			);
			defaultConfigurationIsVisible = 0;
			defaultConfigurationName = Release;
		};
		79FD8B6F29CCF9110010438B /* Build configuration list for PBXNativeTarget "SunCoin" */ = {
			isa = XCConfigurationList;
			buildConfigurations = (
				79FD8B7029CCF9110010438B /* Debug */,
				79FD8B7129CCF9110010438B /* Release */,
			);
			defaultConfigurationIsVisible = 0;
			defaultConfigurationName = Release;
		};
/* End XCConfigurationList section */
	};
	rootObject = 79FD8B5329CCF90E0010438B /* Project object */;
}
